
Microsoft Visual Studio Solution File, Format Version 12.00
# Visual Studio Version 17
VisualStudioVersion = 17.0.32014.148
MinimumVisualStudioVersion = 10.0.40219.1
Project("{9A19103F-16F7-4668-BE54-9A1E7A4F7556}") = "Web", "Web\Web.csproj", "{10E54956-ECFA-4382-A608-83987260EAD0}"
EndProject
Project("{9A19103F-16F7-4668-BE54-9A1E7A4F7556}") = "Services", "Services\Services.csproj", "{6202BFD7-C276-4DE3-99BA-6D95BB33B9C2}"
EndProject
Project("{9A19103F-16F7-4668-BE54-9A1E7A4F7556}") = "Api", "API\Api.csproj", "{1E2970A8-9A78-4AF0-BF37-387159B8B227}"
EndProject
Project("{9A19103F-16F7-4668-BE54-9A1E7A4F7556}") = "DataServices", "DataServices\DataServices.csproj", "{9CC3F7B8-768E-4FA0-9B02-7F7A152662D9}"
EndProject
Project("{2150E333-8FDC-42A3-9474-1A3956D46DE8}") = "WebApi", "WebApi", "{2C7AF65C-C492-41B7-8DC3-103C5EEA2E90}"
EndProject
Project("{9A19103F-16F7-4668-BE54-9A1E7A4F7556}") = "Api", "WebApi\Api\Api.csproj", "{30CA7BFF-3CA8-4CB9-8B12-7A4F0EB551CB}"
EndProject
Project("{9A19103F-16F7-4668-BE54-9A1E7A4F7556}") = "Web", "WebApi\Web\Web.csproj", "{961E7591-9400-4F6B-8752-78F48F5C0805}"
EndProject
Project("{9A19103F-16F7-4668-BE54-9A1E7A4F7556}") = "Services", "WebApi\Services\Services.csproj", "{2BB3713A-7332-479E-BF8D-809E3AFD6EC9}"
EndProject
Project("{9A19103F-16F7-4668-BE54-9A1E7A4F7556}") = "WebApiFunctionApp", "WebApi\WebApiFunctionApp\WebApiFunctionApp.csproj", "{AD933EFB-BC88-438E-B23C-D47656006381}"
EndProject
Project("{9A19103F-16F7-4668-BE54-9A1E7A4F7556}") = "Services.Tests", "Services.Tests\Services.Tests.csproj", "{DB83A41F-2172-4FA0-B85E-C1B0773E02F6}"
EndProject
Project("{9A19103F-16F7-4668-BE54-9A1E7A4F7556}") = "WebApi.Tests", "WebApi.Tests\WebApi.Tests.csproj", "{A4CD040F-ADD8-4F9B-9BC4-FA11F52E313C}"
EndProject
Project("{2150E333-8FDC-42A3-9474-1A3956D46DE8}") = "Core", "Core", "{DA2B3FF1-A70B-4F36-A29C-E462B653F778}"
EndProject
Project("{9A19103F-16F7-4668-BE54-9A1E7A4F7556}") = "Api", "Core\Core.Api\Api.csproj", "{5BB53758-23DA-421E-863B-26778CAD1352}"
EndProject
Project("{9A19103F-16F7-4668-BE54-9A1E7A4F7556}") = "Services", "Core.Services\Services.csproj", "{332EBF4D-D5DC-45A5-AC6D-EC05BC6336B1}"
EndProject
Project("{2150E333-8FDC-42A3-9474-1A3956D46DE8}") = "PersonalWebsite", "PersonalWebsite", "{75623B31-C084-4110-B9F4-090A141D08BB}"
EndProject
Project("{2150E333-8FDC-42A3-9474-1A3956D46DE8}") = "HostedServices", "HostedServices", "{F6F534DE-3888-4510-8E6A-591447681115}"
EndProject
Project("{2150E333-8FDC-42A3-9474-1A3956D46DE8}") = "Functions", "Functions", "{3F24DCAF-0007-43B3-B220-0D4A6287764E}"
EndProject
Project("{2150E333-8FDC-42A3-9474-1A3956D46DE8}") = "Services", "Services", "{315AAF3E-63F0-427B-8654-2274E2A34C2F}"
EndProject
Global
	GlobalSection(SolutionConfigurationPlatforms) = preSolution
		Debug|Any CPU = Debug|Any CPU
		Release|Any CPU = Release|Any CPU
	EndGlobalSection
	GlobalSection(ProjectConfigurationPlatforms) = postSolution
		{10E54956-ECFA-4382-A608-83987260EAD0}.Debug|Any CPU.ActiveCfg = Debug|Any CPU
		{10E54956-ECFA-4382-A608-83987260EAD0}.Debug|Any CPU.Build.0 = Debug|Any CPU
		{10E54956-ECFA-4382-A608-83987260EAD0}.Release|Any CPU.ActiveCfg = Release|Any CPU
		{10E54956-ECFA-4382-A608-83987260EAD0}.Release|Any CPU.Build.0 = Release|Any CPU
		{6202BFD7-C276-4DE3-99BA-6D95BB33B9C2}.Debug|Any CPU.ActiveCfg = Debug|Any CPU
		{6202BFD7-C276-4DE3-99BA-6D95BB33B9C2}.Debug|Any CPU.Build.0 = Debug|Any CPU
		{6202BFD7-C276-4DE3-99BA-6D95BB33B9C2}.Release|Any CPU.ActiveCfg = Release|Any CPU
		{6202BFD7-C276-4DE3-99BA-6D95BB33B9C2}.Release|Any CPU.Build.0 = Release|Any CPU
		{1E2970A8-9A78-4AF0-BF37-387159B8B227}.Debug|Any CPU.ActiveCfg = Debug|Any CPU
		{1E2970A8-9A78-4AF0-BF37-387159B8B227}.Debug|Any CPU.Build.0 = Debug|Any CPU
		{1E2970A8-9A78-4AF0-BF37-387159B8B227}.Release|Any CPU.ActiveCfg = Release|Any CPU
		{1E2970A8-9A78-4AF0-BF37-387159B8B227}.Release|Any CPU.Build.0 = Release|Any CPU
		{9CC3F7B8-768E-4FA0-9B02-7F7A152662D9}.Debug|Any CPU.ActiveCfg = Debug|Any CPU
		{9CC3F7B8-768E-4FA0-9B02-7F7A152662D9}.Debug|Any CPU.Build.0 = Debug|Any CPU
		{9CC3F7B8-768E-4FA0-9B02-7F7A152662D9}.Release|Any CPU.ActiveCfg = Release|Any CPU
		{9CC3F7B8-768E-4FA0-9B02-7F7A152662D9}.Release|Any CPU.Build.0 = Release|Any CPU
		{30CA7BFF-3CA8-4CB9-8B12-7A4F0EB551CB}.Debug|Any CPU.ActiveCfg = Debug|Any CPU
		{30CA7BFF-3CA8-4CB9-8B12-7A4F0EB551CB}.Debug|Any CPU.Build.0 = Debug|Any CPU
		{30CA7BFF-3CA8-4CB9-8B12-7A4F0EB551CB}.Release|Any CPU.ActiveCfg = Release|Any CPU
		{30CA7BFF-3CA8-4CB9-8B12-7A4F0EB551CB}.Release|Any CPU.Build.0 = Release|Any CPU
		{961E7591-9400-4F6B-8752-78F48F5C0805}.Debug|Any CPU.ActiveCfg = Debug|Any CPU
		{961E7591-9400-4F6B-8752-78F48F5C0805}.Debug|Any CPU.Build.0 = Debug|Any CPU
		{961E7591-9400-4F6B-8752-78F48F5C0805}.Release|Any CPU.ActiveCfg = Release|Any CPU
		{961E7591-9400-4F6B-8752-78F48F5C0805}.Release|Any CPU.Build.0 = Release|Any CPU
		{2BB3713A-7332-479E-BF8D-809E3AFD6EC9}.Debug|Any CPU.ActiveCfg = Debug|Any CPU
		{2BB3713A-7332-479E-BF8D-809E3AFD6EC9}.Debug|Any CPU.Build.0 = Debug|Any CPU
		{2BB3713A-7332-479E-BF8D-809E3AFD6EC9}.Release|Any CPU.ActiveCfg = Release|Any CPU
		{2BB3713A-7332-479E-BF8D-809E3AFD6EC9}.Release|Any CPU.Build.0 = Release|Any CPU
		{AD933EFB-BC88-438E-B23C-D47656006381}.Debug|Any CPU.ActiveCfg = Debug|Any CPU
		{AD933EFB-BC88-438E-B23C-D47656006381}.Debug|Any CPU.Build.0 = Debug|Any CPU
		{AD933EFB-BC88-438E-B23C-D47656006381}.Release|Any CPU.ActiveCfg = Release|Any CPU
		{AD933EFB-BC88-438E-B23C-D47656006381}.Release|Any CPU.Build.0 = Release|Any CPU
		{DB83A41F-2172-4FA0-B85E-C1B0773E02F6}.Debug|Any CPU.ActiveCfg = Debug|Any CPU
		{DB83A41F-2172-4FA0-B85E-C1B0773E02F6}.Debug|Any CPU.Build.0 = Debug|Any CPU
		{DB83A41F-2172-4FA0-B85E-C1B0773E02F6}.Release|Any CPU.ActiveCfg = Release|Any CPU
		{DB83A41F-2172-4FA0-B85E-C1B0773E02F6}.Release|Any CPU.Build.0 = Release|Any CPU
		{A4CD040F-ADD8-4F9B-9BC4-FA11F52E313C}.Debug|Any CPU.ActiveCfg = Debug|Any CPU
		{A4CD040F-ADD8-4F9B-9BC4-FA11F52E313C}.Debug|Any CPU.Build.0 = Debug|Any CPU
		{A4CD040F-ADD8-4F9B-9BC4-FA11F52E313C}.Release|Any CPU.ActiveCfg = Release|Any CPU
		{A4CD040F-ADD8-4F9B-9BC4-FA11F52E313C}.Release|Any CPU.Build.0 = Release|Any CPU
		{5BB53758-23DA-421E-863B-26778CAD1352}.Debug|Any CPU.ActiveCfg = Debug|Any CPU
		{5BB53758-23DA-421E-863B-26778CAD1352}.Debug|Any CPU.Build.0 = Debug|Any CPU
		{5BB53758-23DA-421E-863B-26778CAD1352}.Release|Any CPU.ActiveCfg = Release|Any CPU
		{5BB53758-23DA-421E-863B-26778CAD1352}.Release|Any CPU.Build.0 = Release|Any CPU
		{332EBF4D-D5DC-45A5-AC6D-EC05BC6336B1}.Debug|Any CPU.ActiveCfg = Debug|Any CPU
		{332EBF4D-D5DC-45A5-AC6D-EC05BC6336B1}.Debug|Any CPU.Build.0 = Debug|Any CPU
		{332EBF4D-D5DC-45A5-AC6D-EC05BC6336B1}.Release|Any CPU.ActiveCfg = Release|Any CPU
		{332EBF4D-D5DC-45A5-AC6D-EC05BC6336B1}.Release|Any CPU.Build.0 = Release|Any CPU
	EndGlobalSection
	GlobalSection(SolutionProperties) = preSolution
		HideSolutionNode = FALSE
	EndGlobalSection
	GlobalSection(NestedProjects) = preSolution
		{10E54956-ECFA-4382-A608-83987260EAD0} = {75623B31-C084-4110-B9F4-090A141D08BB}
		{6202BFD7-C276-4DE3-99BA-6D95BB33B9C2} = {315AAF3E-63F0-427B-8654-2274E2A34C2F}
		{1E2970A8-9A78-4AF0-BF37-387159B8B227} = {315AAF3E-63F0-427B-8654-2274E2A34C2F}
		{9CC3F7B8-768E-4FA0-9B02-7F7A152662D9} = {315AAF3E-63F0-427B-8654-2274E2A34C2F}
		{2C7AF65C-C492-41B7-8DC3-103C5EEA2E90} = {F6F534DE-3888-4510-8E6A-591447681115}
		{30CA7BFF-3CA8-4CB9-8B12-7A4F0EB551CB} = {2C7AF65C-C492-41B7-8DC3-103C5EEA2E90}
		{961E7591-9400-4F6B-8752-78F48F5C0805} = {2C7AF65C-C492-41B7-8DC3-103C5EEA2E90}
		{2BB3713A-7332-479E-BF8D-809E3AFD6EC9} = {2C7AF65C-C492-41B7-8DC3-103C5EEA2E90}
		{AD933EFB-BC88-438E-B23C-D47656006381} = {3F24DCAF-0007-43B3-B220-0D4A6287764E}
		{DB83A41F-2172-4FA0-B85E-C1B0773E02F6} = {2C7AF65C-C492-41B7-8DC3-103C5EEA2E90}
		{A4CD040F-ADD8-4F9B-9BC4-FA11F52E313C} = {2C7AF65C-C492-41B7-8DC3-103C5EEA2E90}
		{5BB53758-23DA-421E-863B-26778CAD1352} = {DA2B3FF1-A70B-4F36-A29C-E462B653F778}
		{332EBF4D-D5DC-45A5-AC6D-EC05BC6336B1} = {DA2B3FF1-A70B-4F36-A29C-E462B653F778}
		{3F24DCAF-0007-43B3-B220-0D4A6287764E} = {F6F534DE-3888-4510-8E6A-591447681115}
	EndGlobalSection
	GlobalSection(ExtensibilityGlobals) = postSolution
		SolutionGuid = {3B99A123-0A8C-4CD6-BAE9-4368A2F2CFB2}
	EndGlobalSection
EndGlobal
